// !$*UTF8*$!
{
	archiveVersion = 1;
	classes = {
	};
	objectVersion = 46;
	objects = {

/* Begin PBXBuildFile section */
		29FDA299166FF498007FD502 /* MainStoryboard_iPhone.storyboard in Resources */ = {isa = PBXBuildFile; fileRef = 29FDA297166FF498007FD502 /* MainStoryboard_iPhone.storyboard */; };
		29FDA2AA16700132007FD502 /* Foundation.framework in Frameworks */ = {isa = PBXBuildFile; fileRef = CEB817421652FF3F00DBAB71 /* Foundation.framework */; };
		29FDA2B016700132007FD502 /* Nova.m in Sources */ = {isa = PBXBuildFile; fileRef = 29FDA2AF16700132007FD502 /* Nova.m */; };
		29FDA2B5167001B8007FD502 /* libNova.a in Frameworks */ = {isa = PBXBuildFile; fileRef = 29FDA2A916700132007FD502 /* libNova.a */; };
		29FDA30916701462007FD502 /* aberration.c in Sources */ = {isa = PBXBuildFile; fileRef = 29FDA2C016701462007FD502 /* aberration.c */; };
		29FDA30A16701462007FD502 /* aberration.h in Headers */ = {isa = PBXBuildFile; fileRef = 29FDA2C116701462007FD502 /* aberration.h */; };
		29FDA30B16701462007FD502 /* airmass.c in Sources */ = {isa = PBXBuildFile; fileRef = 29FDA2C216701462007FD502 /* airmass.c */; };
		29FDA30C16701462007FD502 /* airmass.h in Headers */ = {isa = PBXBuildFile; fileRef = 29FDA2C316701462007FD502 /* airmass.h */; };
		29FDA30D16701462007FD502 /* angular_separation.c in Sources */ = {isa = PBXBuildFile; fileRef = 29FDA2C416701462007FD502 /* angular_separation.c */; };
		29FDA30E16701462007FD502 /* angular_separation.h in Headers */ = {isa = PBXBuildFile; fileRef = 29FDA2C516701462007FD502 /* angular_separation.h */; };
		29FDA30F16701462007FD502 /* apparent_position.c in Sources */ = {isa = PBXBuildFile; fileRef = 29FDA2C616701462007FD502 /* apparent_position.c */; };
		29FDA31016701462007FD502 /* apparent_position.h in Headers */ = {isa = PBXBuildFile; fileRef = 29FDA2C716701462007FD502 /* apparent_position.h */; };
		29FDA31116701462007FD502 /* asteroid.c in Sources */ = {isa = PBXBuildFile; fileRef = 29FDA2C816701462007FD502 /* asteroid.c */; };
		29FDA31216701462007FD502 /* asteroid.h in Headers */ = {isa = PBXBuildFile; fileRef = 29FDA2C916701462007FD502 /* asteroid.h */; };
		29FDA31316701462007FD502 /* comet.c in Sources */ = {isa = PBXBuildFile; fileRef = 29FDA2CA16701462007FD502 /* comet.c */; };
		29FDA31416701462007FD502 /* comet.h in Headers */ = {isa = PBXBuildFile; fileRef = 29FDA2CB16701462007FD502 /* comet.h */; };
		29FDA31516701462007FD502 /* dynamical_time.c in Sources */ = {isa = PBXBuildFile; fileRef = 29FDA2CC16701462007FD502 /* dynamical_time.c */; };
		29FDA31616701462007FD502 /* dynamical_time.h in Headers */ = {isa = PBXBuildFile; fileRef = 29FDA2CD16701462007FD502 /* dynamical_time.h */; };
		29FDA31716701462007FD502 /* earth.c in Sources */ = {isa = PBXBuildFile; fileRef = 29FDA2CE16701462007FD502 /* earth.c */; };
		29FDA31816701462007FD502 /* earth.h in Headers */ = {isa = PBXBuildFile; fileRef = 29FDA2CF16701462007FD502 /* earth.h */; };
		29FDA31916701462007FD502 /* elliptic_motion.c in Sources */ = {isa = PBXBuildFile; fileRef = 29FDA2D016701462007FD502 /* elliptic_motion.c */; };
		29FDA31A16701462007FD502 /* elliptic_motion.h in Headers */ = {isa = PBXBuildFile; fileRef = 29FDA2D116701462007FD502 /* elliptic_motion.h */; };
		29FDA31B16701462007FD502 /* heliocentric_time.c in Sources */ = {isa = PBXBuildFile; fileRef = 29FDA2D216701462007FD502 /* heliocentric_time.c */; };
		29FDA31C16701462007FD502 /* heliocentric_time.h in Headers */ = {isa = PBXBuildFile; fileRef = 29FDA2D316701462007FD502 /* heliocentric_time.h */; };
		29FDA31D16701462007FD502 /* hyperbolic_motion.c in Sources */ = {isa = PBXBuildFile; fileRef = 29FDA2D416701462007FD502 /* hyperbolic_motion.c */; };
		29FDA31E16701462007FD502 /* hyperbolic_motion.h in Headers */ = {isa = PBXBuildFile; fileRef = 29FDA2D516701462007FD502 /* hyperbolic_motion.h */; };
		29FDA31F16701462007FD502 /* iOSNova-Prefix.pch in Headers */ = {isa = PBXBuildFile; fileRef = 29FDA2D616701462007FD502 /* iOSNova-Prefix.pch */; };
		29FDA32016701462007FD502 /* julian_day.c in Sources */ = {isa = PBXBuildFile; fileRef = 29FDA2D716701462007FD502 /* julian_day.c */; };
		29FDA32116701462007FD502 /* julian_day.h in Headers */ = {isa = PBXBuildFile; fileRef = 29FDA2D816701462007FD502 /* julian_day.h */; };
		29FDA32216701462007FD502 /* jupiter.c in Sources */ = {isa = PBXBuildFile; fileRef = 29FDA2D916701462007FD502 /* jupiter.c */; };
		29FDA32316701462007FD502 /* jupiter.h in Headers */ = {isa = PBXBuildFile; fileRef = 29FDA2DA16701462007FD502 /* jupiter.h */; };
		29FDA32416701462007FD502 /* libnova.h in Headers */ = {isa = PBXBuildFile; fileRef = 29FDA2DB16701462007FD502 /* libnova.h */; };
		29FDA32516701462007FD502 /* ln_types.h in Headers */ = {isa = PBXBuildFile; fileRef = 29FDA2DC16701462007FD502 /* ln_types.h */; };
		29FDA32616701462007FD502 /* lunar.c in Sources */ = {isa = PBXBuildFile; fileRef = 29FDA2DD16701462007FD502 /* lunar.c */; };
		29FDA32716701462007FD502 /* lunar.h in Headers */ = {isa = PBXBuildFile; fileRef = 29FDA2DE16701462007FD502 /* lunar.h */; };
		29FDA32816701462007FD502 /* mars.c in Sources */ = {isa = PBXBuildFile; fileRef = 29FDA2DF16701462007FD502 /* mars.c */; };
		29FDA32916701462007FD502 /* mars.h in Headers */ = {isa = PBXBuildFile; fileRef = 29FDA2E016701462007FD502 /* mars.h */; };
		29FDA32A16701462007FD502 /* mercury.c in Sources */ = {isa = PBXBuildFile; fileRef = 29FDA2E116701462007FD502 /* mercury.c */; };
		29FDA32B16701462007FD502 /* mercury.h in Headers */ = {isa = PBXBuildFile; fileRef = 29FDA2E216701462007FD502 /* mercury.h */; };
		29FDA32C16701462007FD502 /* misc.c in Sources */ = {isa = PBXBuildFile; fileRef = 29FDA2E316701462007FD502 /* misc.c */; };
		29FDA32D16701462007FD502 /* neptune.c in Sources */ = {isa = PBXBuildFile; fileRef = 29FDA2E416701462007FD502 /* neptune.c */; };
		29FDA32E16701462007FD502 /* neptune.h in Headers */ = {isa = PBXBuildFile; fileRef = 29FDA2E516701462007FD502 /* neptune.h */; };
		29FDA32F16701462007FD502 /* Nova-Prefix.pch in Headers */ = {isa = PBXBuildFile; fileRef = 29FDA2E616701462007FD502 /* Nova-Prefix.pch */; };
		29FDA33016701462007FD502 /* Nova.h in Headers */ = {isa = PBXBuildFile; fileRef = 29FDA2E716701462007FD502 /* Nova.h */; };
		29FDA33116701462007FD502 /* Nova.m in Sources */ = {isa = PBXBuildFile; fileRef = 29FDA2E816701462007FD502 /* Nova.m */; };
		29FDA33216701462007FD502 /* nutation.c in Sources */ = {isa = PBXBuildFile; fileRef = 29FDA2E916701462007FD502 /* nutation.c */; };
		29FDA33316701462007FD502 /* nutation.h in Headers */ = {isa = PBXBuildFile; fileRef = 29FDA2EA16701462007FD502 /* nutation.h */; };
		29FDA33416701462007FD502 /* parabolic_motion.c in Sources */ = {isa = PBXBuildFile; fileRef = 29FDA2EB16701462007FD502 /* parabolic_motion.c */; };
		29FDA33516701462007FD502 /* parabolic_motion.h in Headers */ = {isa = PBXBuildFile; fileRef = 29FDA2EC16701462007FD502 /* parabolic_motion.h */; };
		29FDA33616701462007FD502 /* parallax.c in Sources */ = {isa = PBXBuildFile; fileRef = 29FDA2ED16701462007FD502 /* parallax.c */; };
		29FDA33716701462007FD502 /* parallax.h in Headers */ = {isa = PBXBuildFile; fileRef = 29FDA2EE16701462007FD502 /* parallax.h */; };
		29FDA33816701462007FD502 /* pluto.c in Sources */ = {isa = PBXBuildFile; fileRef = 29FDA2EF16701462007FD502 /* pluto.c */; };
		29FDA33916701462007FD502 /* pluto.h in Headers */ = {isa = PBXBuildFile; fileRef = 29FDA2F016701462007FD502 /* pluto.h */; };
		29FDA33A16701462007FD502 /* precession.c in Sources */ = {isa = PBXBuildFile; fileRef = 29FDA2F116701462007FD502 /* precession.c */; };
		29FDA33B16701462007FD502 /* precession.h in Headers */ = {isa = PBXBuildFile; fileRef = 29FDA2F216701462007FD502 /* precession.h */; };
		29FDA33C16701462007FD502 /* proper_motion.c in Sources */ = {isa = PBXBuildFile; fileRef = 29FDA2F316701462007FD502 /* proper_motion.c */; };
		29FDA33D16701462007FD502 /* proper_motion.h in Headers */ = {isa = PBXBuildFile; fileRef = 29FDA2F416701462007FD502 /* proper_motion.h */; };
		29FDA33E16701462007FD502 /* refraction.c in Sources */ = {isa = PBXBuildFile; fileRef = 29FDA2F516701462007FD502 /* refraction.c */; };
		29FDA33F16701462007FD502 /* refraction.h in Headers */ = {isa = PBXBuildFile; fileRef = 29FDA2F616701462007FD502 /* refraction.h */; };
		29FDA34016701462007FD502 /* rise_set.c in Sources */ = {isa = PBXBuildFile; fileRef = 29FDA2F716701462007FD502 /* rise_set.c */; };
		29FDA34116701462007FD502 /* rise_set.h in Headers */ = {isa = PBXBuildFile; fileRef = 29FDA2F816701462007FD502 /* rise_set.h */; };
		29FDA34216701462007FD502 /* saturn.c in Sources */ = {isa = PBXBuildFile; fileRef = 29FDA2F916701462007FD502 /* saturn.c */; };
		29FDA34316701462007FD502 /* saturn.h in Headers */ = {isa = PBXBuildFile; fileRef = 29FDA2FA16701462007FD502 /* saturn.h */; };
		29FDA34416701462007FD502 /* sidereal_time.c in Sources */ = {isa = PBXBuildFile; fileRef = 29FDA2FB16701462007FD502 /* sidereal_time.c */; };
		29FDA34516701462007FD502 /* sidereal_time.h in Headers */ = {isa = PBXBuildFile; fileRef = 29FDA2FC16701462007FD502 /* sidereal_time.h */; };
		29FDA34616701462007FD502 /* solar.c in Sources */ = {isa = PBXBuildFile; fileRef = 29FDA2FD16701462007FD502 /* solar.c */; };
		29FDA34716701462007FD502 /* solar.h in Headers */ = {isa = PBXBuildFile; fileRef = 29FDA2FE16701462007FD502 /* solar.h */; };
		29FDA34816701462007FD502 /* transform.c in Sources */ = {isa = PBXBuildFile; fileRef = 29FDA2FF16701462007FD502 /* transform.c */; };
		29FDA34916701462007FD502 /* transform.h in Headers */ = {isa = PBXBuildFile; fileRef = 29FDA30016701462007FD502 /* transform.h */; };
		29FDA34A16701462007FD502 /* uranus.c in Sources */ = {isa = PBXBuildFile; fileRef = 29FDA30116701462007FD502 /* uranus.c */; };
		29FDA34B16701462007FD502 /* uranus.h in Headers */ = {isa = PBXBuildFile; fileRef = 29FDA30216701462007FD502 /* uranus.h */; };
		29FDA34C16701462007FD502 /* utility.c in Sources */ = {isa = PBXBuildFile; fileRef = 29FDA30316701462007FD502 /* utility.c */; };
		29FDA34D16701462007FD502 /* utility.h in Headers */ = {isa = PBXBuildFile; fileRef = 29FDA30416701462007FD502 /* utility.h */; };
		29FDA34E16701462007FD502 /* venus.c in Sources */ = {isa = PBXBuildFile; fileRef = 29FDA30516701462007FD502 /* venus.c */; };
		29FDA34F16701462007FD502 /* venus.h in Headers */ = {isa = PBXBuildFile; fileRef = 29FDA30616701462007FD502 /* venus.h */; };
		29FDA35016701462007FD502 /* vsop87.c in Sources */ = {isa = PBXBuildFile; fileRef = 29FDA30716701462007FD502 /* vsop87.c */; };
		29FDA35116701462007FD502 /* vsop87.h in Headers */ = {isa = PBXBuildFile; fileRef = 29FDA30816701462007FD502 /* vsop87.h */; };
		36EA0778167027DA00F328DA /* Foundation.framework in Frameworks */ = {isa = PBXBuildFile; fileRef = CEB817421652FF3F00DBAB71 /* Foundation.framework */; };
		36EA0786167027DA00F328DA /* SenTestingKit.framework in Frameworks */ = {isa = PBXBuildFile; fileRef = 36EA0785167027DA00F328DA /* SenTestingKit.framework */; };
		36EA0787167027DA00F328DA /* UIKit.framework in Frameworks */ = {isa = PBXBuildFile; fileRef = CEB817401652FF3F00DBAB71 /* UIKit.framework */; };
		36EA0788167027DA00F328DA /* Foundation.framework in Frameworks */ = {isa = PBXBuildFile; fileRef = CEB817421652FF3F00DBAB71 /* Foundation.framework */; };
		36EA078B167027DA00F328DA /* libNovw.a in Frameworks */ = {isa = PBXBuildFile; fileRef = 36EA0777167027DA00F328DA /* libNovw.a */; };
		AC45A18E1664148F005783FD /* USLocationsDatabase.m in Sources */ = {isa = PBXBuildFile; fileRef = AC45A18D1664148F005783FD /* USLocationsDatabase.m */; };
		AC45A1921664174C005783FD /* Location.m in Sources */ = {isa = PBXBuildFile; fileRef = AC45A1911664174C005783FD /* Location.m */; };
		AC45A19416641A62005783FD /* libsqlite3.dylib in Frameworks */ = {isa = PBXBuildFile; fileRef = AC45A19316641A62005783FD /* libsqlite3.dylib */; };
		AC45A19616641A6C005783FD /* CoreLocation.framework in Frameworks */ = {isa = PBXBuildFile; fileRef = AC45A19516641A6C005783FD /* CoreLocation.framework */; };
		AC45A19916641F12005783FD /* ManualLocatorCITYViewController.m in Sources */ = {isa = PBXBuildFile; fileRef = AC45A19816641F12005783FD /* ManualLocatorCITYViewController.m */; };
		CEA8AE2416684E52002253F7 /* cross_30.png in Resources */ = {isa = PBXBuildFile; fileRef = CEA8AE2316684E52002253F7 /* cross_30.png */; };
		CEA8AE2A16684EDC002253F7 /* rewind_30.png in Resources */ = {isa = PBXBuildFile; fileRef = CEA8AE2716684EDC002253F7 /* rewind_30.png */; };
		CEA8AE2B16684EDC002253F7 /* ship_30.png in Resources */ = {isa = PBXBuildFile; fileRef = CEA8AE2816684EDC002253F7 /* ship_30.png */; };
		CEA8AE2C16684EDC002253F7 /* star_30.png in Resources */ = {isa = PBXBuildFile; fileRef = CEA8AE2916684EDC002253F7 /* star_30.png */; };
		CEA8AE33166851AE002253F7 /* balance_30.png in Resources */ = {isa = PBXBuildFile; fileRef = CEA8AE31166851AD002253F7 /* balance_30.png */; };
		CEA8AE34166851AE002253F7 /* checkmark_30.png in Resources */ = {isa = PBXBuildFile; fileRef = CEA8AE32166851AE002253F7 /* checkmark_30.png */; };
		CEA8AE3616685349002253F7 /* sunset_icon.png in Resources */ = {isa = PBXBuildFile; fileRef = CEA8AE3516685349002253F7 /* sunset_icon.png */; };
		CEB817411652FF3F00DBAB71 /* UIKit.framework in Frameworks */ = {isa = PBXBuildFile; fileRef = CEB817401652FF3F00DBAB71 /* UIKit.framework */; };
		CEB817431652FF3F00DBAB71 /* Foundation.framework in Frameworks */ = {isa = PBXBuildFile; fileRef = CEB817421652FF3F00DBAB71 /* Foundation.framework */; };
		CEB817451652FF3F00DBAB71 /* CoreGraphics.framework in Frameworks */ = {isa = PBXBuildFile; fileRef = CEB817441652FF3F00DBAB71 /* CoreGraphics.framework */; };
		CEB8174B1652FF3F00DBAB71 /* InfoPlist.strings in Resources */ = {isa = PBXBuildFile; fileRef = CEB817491652FF3F00DBAB71 /* InfoPlist.strings */; };
		CEB8174D1652FF3F00DBAB71 /* main.m in Sources */ = {isa = PBXBuildFile; fileRef = CEB8174C1652FF3F00DBAB71 /* main.m */; };
		CEB817511652FF3F00DBAB71 /* AppDelegate.m in Sources */ = {isa = PBXBuildFile; fileRef = CEB817501652FF3F00DBAB71 /* AppDelegate.m */; };
		CEB81797165307B700DBAB71 /* us_only.sq3 in Resources */ = {isa = PBXBuildFile; fileRef = CEB81795165307B700DBAB71 /* us_only.sq3 */; };
		CEB8179E165308D000DBAB71 /* Foundation.framework in Frameworks */ = {isa = PBXBuildFile; fileRef = CEB817421652FF3F00DBAB71 /* Foundation.framework */; };
		CEB817A3165308D000DBAB71 /* Sunrise.h in CopyFiles */ = {isa = PBXBuildFile; fileRef = CEB817A2165308D000DBAB71 /* Sunrise.h */; };
		CEB817A5165308D000DBAB71 /* Sunrise.m in Sources */ = {isa = PBXBuildFile; fileRef = CEB817A4165308D000DBAB71 /* Sunrise.m */; };
		CEB817A9165308E600DBAB71 /* libSunrise.a in Frameworks */ = {isa = PBXBuildFile; fileRef = CEB8179D165308D000DBAB71 /* libSunrise.a */; };
		CEB817AC1653090C00DBAB71 /* iOSSunrise.m in Sources */ = {isa = PBXBuildFile; fileRef = CEB817AB1653090C00DBAB71 /* iOSSunrise.m */; };
		CEBECE601656F94B009877FB /* Moon-Phase-Full-icon.png in Resources */ = {isa = PBXBuildFile; fileRef = CEBECE5E1656F94B009877FB /* Moon-Phase-Full-icon.png */; };
		CEBECE611656F94B009877FB /* Sunrise-icon.png in Resources */ = {isa = PBXBuildFile; fileRef = CEBECE5F1656F94B009877FB /* Sunrise-icon.png */; };
		CEBECE641656FAB5009877FB /* MainViewController.m in Sources */ = {isa = PBXBuildFile; fileRef = CEBECE631656FAB5009877FB /* MainViewController.m */; };
		CEBECE6A1656FC9A009877FB /* icon_small_settings1.png in Resources */ = {isa = PBXBuildFile; fileRef = CEBECE691656FC9A009877FB /* icon_small_settings1.png */; };
		CEBECE6F16570152009877FB /* SettingsViewController.m in Sources */ = {isa = PBXBuildFile; fileRef = CEBECE6E16570152009877FB /* SettingsViewController.m */; };
		CEBECE721657031D009877FB /* GPSLocatorViewController.m in Sources */ = {isa = PBXBuildFile; fileRef = CEBECE711657031D009877FB /* GPSLocatorViewController.m */; };
		CEBECE7516570338009877FB /* ManualLocatorViewController.m in Sources */ = {isa = PBXBuildFile; fileRef = CEBECE7416570338009877FB /* ManualLocatorViewController.m */; };
		CEBECE7B16570429009877FB /* HouseBlack.png in Resources */ = {isa = PBXBuildFile; fileRef = CEBECE7916570429009877FB /* HouseBlack.png */; };
/* End PBXBuildFile section */

/* Begin PBXContainerItemProxy section */
		36EA0789167027DA00F328DA /* PBXContainerItemProxy */ = {
			isa = PBXContainerItemProxy;
			containerPortal = CEB817331652FF3E00DBAB71 /* Project object */;
			proxyType = 1;
			remoteGlobalIDString = 36EA0776167027DA00F328DA;
			remoteInfo = Novw;
		};
/* End PBXContainerItemProxy section */

/* Begin PBXCopyFilesBuildPhase section */
		CEB8179B165308D000DBAB71 /* CopyFiles */ = {
			isa = PBXCopyFilesBuildPhase;
			buildActionMask = 2147483647;
			dstPath = "include/${PRODUCT_NAME}";
			dstSubfolderSpec = 16;
			files = (
				CEB817A3165308D000DBAB71 /* Sunrise.h in CopyFiles */,
			);
			runOnlyForDeploymentPostprocessing = 0;
		};
/* End PBXCopyFilesBuildPhase section */

/* Begin PBXFileReference section */
		29FDA298166FF498007FD502 /* en */ = {isa = PBXFileReference; lastKnownFileType = file.storyboard; name = en; path = en.lproj/MainStoryboard_iPhone.storyboard; sourceTree = "<group>"; };
		29FDA2A916700132007FD502 /* libNova.a */ = {isa = PBXFileReference; explicitFileType = archive.ar; includeInIndex = 0; path = libNova.a; sourceTree = BUILT_PRODUCTS_DIR; };
		29FDA2AD16700132007FD502 /* Nova-Prefix.pch */ = {isa = PBXFileReference; lastKnownFileType = sourcecode.c.h; path = "Nova-Prefix.pch"; sourceTree = "<group>"; };
		29FDA2AE16700132007FD502 /* Nova.h */ = {isa = PBXFileReference; lastKnownFileType = sourcecode.c.h; path = Nova.h; sourceTree = "<group>"; };
		29FDA2AF16700132007FD502 /* Nova.m */ = {isa = PBXFileReference; lastKnownFileType = sourcecode.c.objc; path = Nova.m; sourceTree = "<group>"; };
		29FDA2C016701462007FD502 /* aberration.c */ = {isa = PBXFileReference; fileEncoding = 4; lastKnownFileType = sourcecode.c.c; path = aberration.c; sourceTree = "<group>"; };
		29FDA2C116701462007FD502 /* aberration.h */ = {isa = PBXFileReference; fileEncoding = 4; lastKnownFileType = sourcecode.c.h; path = aberration.h; sourceTree = "<group>"; };
		29FDA2C216701462007FD502 /* airmass.c */ = {isa = PBXFileReference; fileEncoding = 4; lastKnownFileType = sourcecode.c.c; path = airmass.c; sourceTree = "<group>"; };
		29FDA2C316701462007FD502 /* airmass.h */ = {isa = PBXFileReference; fileEncoding = 4; lastKnownFileType = sourcecode.c.h; path = airmass.h; sourceTree = "<group>"; };
		29FDA2C416701462007FD502 /* angular_separation.c */ = {isa = PBXFileReference; fileEncoding = 4; lastKnownFileType = sourcecode.c.c; path = angular_separation.c; sourceTree = "<group>"; };
		29FDA2C516701462007FD502 /* angular_separation.h */ = {isa = PBXFileReference; fileEncoding = 4; lastKnownFileType = sourcecode.c.h; path = angular_separation.h; sourceTree = "<group>"; };
		29FDA2C616701462007FD502 /* apparent_position.c */ = {isa = PBXFileReference; fileEncoding = 4; lastKnownFileType = sourcecode.c.c; path = apparent_position.c; sourceTree = "<group>"; };
		29FDA2C716701462007FD502 /* apparent_position.h */ = {isa = PBXFileReference; fileEncoding = 4; lastKnownFileType = sourcecode.c.h; path = apparent_position.h; sourceTree = "<group>"; };
		29FDA2C816701462007FD502 /* asteroid.c */ = {isa = PBXFileReference; fileEncoding = 4; lastKnownFileType = sourcecode.c.c; path = asteroid.c; sourceTree = "<group>"; };
		29FDA2C916701462007FD502 /* asteroid.h */ = {isa = PBXFileReference; fileEncoding = 4; lastKnownFileType = sourcecode.c.h; path = asteroid.h; sourceTree = "<group>"; };
		29FDA2CA16701462007FD502 /* comet.c */ = {isa = PBXFileReference; fileEncoding = 4; lastKnownFileType = sourcecode.c.c; path = comet.c; sourceTree = "<group>"; };
		29FDA2CB16701462007FD502 /* comet.h */ = {isa = PBXFileReference; fileEncoding = 4; lastKnownFileType = sourcecode.c.h; path = comet.h; sourceTree = "<group>"; };
		29FDA2CC16701462007FD502 /* dynamical_time.c */ = {isa = PBXFileReference; fileEncoding = 4; lastKnownFileType = sourcecode.c.c; path = dynamical_time.c; sourceTree = "<group>"; };
		29FDA2CD16701462007FD502 /* dynamical_time.h */ = {isa = PBXFileReference; fileEncoding = 4; lastKnownFileType = sourcecode.c.h; path = dynamical_time.h; sourceTree = "<group>"; };
		29FDA2CE16701462007FD502 /* earth.c */ = {isa = PBXFileReference; fileEncoding = 4; lastKnownFileType = sourcecode.c.c; path = earth.c; sourceTree = "<group>"; };
		29FDA2CF16701462007FD502 /* earth.h */ = {isa = PBXFileReference; fileEncoding = 4; lastKnownFileType = sourcecode.c.h; path = earth.h; sourceTree = "<group>"; };
		29FDA2D016701462007FD502 /* elliptic_motion.c */ = {isa = PBXFileReference; fileEncoding = 4; lastKnownFileType = sourcecode.c.c; path = elliptic_motion.c; sourceTree = "<group>"; };
		29FDA2D116701462007FD502 /* elliptic_motion.h */ = {isa = PBXFileReference; fileEncoding = 4; lastKnownFileType = sourcecode.c.h; path = elliptic_motion.h; sourceTree = "<group>"; };
		29FDA2D216701462007FD502 /* heliocentric_time.c */ = {isa = PBXFileReference; fileEncoding = 4; lastKnownFileType = sourcecode.c.c; path = heliocentric_time.c; sourceTree = "<group>"; };
		29FDA2D316701462007FD502 /* heliocentric_time.h */ = {isa = PBXFileReference; fileEncoding = 4; lastKnownFileType = sourcecode.c.h; path = heliocentric_time.h; sourceTree = "<group>"; };
		29FDA2D416701462007FD502 /* hyperbolic_motion.c */ = {isa = PBXFileReference; fileEncoding = 4; lastKnownFileType = sourcecode.c.c; path = hyperbolic_motion.c; sourceTree = "<group>"; };
		29FDA2D516701462007FD502 /* hyperbolic_motion.h */ = {isa = PBXFileReference; fileEncoding = 4; lastKnownFileType = sourcecode.c.h; path = hyperbolic_motion.h; sourceTree = "<group>"; };
		29FDA2D616701462007FD502 /* iOSNova-Prefix.pch */ = {isa = PBXFileReference; fileEncoding = 4; lastKnownFileType = sourcecode.c.h; path = "iOSNova-Prefix.pch"; sourceTree = "<group>"; };
		29FDA2D716701462007FD502 /* julian_day.c */ = {isa = PBXFileReference; fileEncoding = 4; lastKnownFileType = sourcecode.c.c; path = julian_day.c; sourceTree = "<group>"; };
		29FDA2D816701462007FD502 /* julian_day.h */ = {isa = PBXFileReference; fileEncoding = 4; lastKnownFileType = sourcecode.c.h; path = julian_day.h; sourceTree = "<group>"; };
		29FDA2D916701462007FD502 /* jupiter.c */ = {isa = PBXFileReference; fileEncoding = 4; lastKnownFileType = sourcecode.c.c; path = jupiter.c; sourceTree = "<group>"; };
		29FDA2DA16701462007FD502 /* jupiter.h */ = {isa = PBXFileReference; fileEncoding = 4; lastKnownFileType = sourcecode.c.h; path = jupiter.h; sourceTree = "<group>"; };
		29FDA2DB16701462007FD502 /* libnova.h */ = {isa = PBXFileReference; fileEncoding = 4; lastKnownFileType = sourcecode.c.h; path = libnova.h; sourceTree = "<group>"; };
		29FDA2DC16701462007FD502 /* ln_types.h */ = {isa = PBXFileReference; fileEncoding = 4; lastKnownFileType = sourcecode.c.h; path = ln_types.h; sourceTree = "<group>"; };
		29FDA2DD16701462007FD502 /* lunar.c */ = {isa = PBXFileReference; fileEncoding = 4; lastKnownFileType = sourcecode.c.c; path = lunar.c; sourceTree = "<group>"; };
		29FDA2DE16701462007FD502 /* lunar.h */ = {isa = PBXFileReference; fileEncoding = 4; lastKnownFileType = sourcecode.c.h; path = lunar.h; sourceTree = "<group>"; };
		29FDA2DF16701462007FD502 /* mars.c */ = {isa = PBXFileReference; fileEncoding = 4; lastKnownFileType = sourcecode.c.c; path = mars.c; sourceTree = "<group>"; };
		29FDA2E016701462007FD502 /* mars.h */ = {isa = PBXFileReference; fileEncoding = 4; lastKnownFileType = sourcecode.c.h; path = mars.h; sourceTree = "<group>"; };
		29FDA2E116701462007FD502 /* mercury.c */ = {isa = PBXFileReference; fileEncoding = 4; lastKnownFileType = sourcecode.c.c; path = mercury.c; sourceTree = "<group>"; };
		29FDA2E216701462007FD502 /* mercury.h */ = {isa = PBXFileReference; fileEncoding = 4; lastKnownFileType = sourcecode.c.h; path = mercury.h; sourceTree = "<group>"; };
		29FDA2E316701462007FD502 /* misc.c */ = {isa = PBXFileReference; fileEncoding = 4; lastKnownFileType = sourcecode.c.c; path = misc.c; sourceTree = "<group>"; };
		29FDA2E416701462007FD502 /* neptune.c */ = {isa = PBXFileReference; fileEncoding = 4; lastKnownFileType = sourcecode.c.c; path = neptune.c; sourceTree = "<group>"; };
		29FDA2E516701462007FD502 /* neptune.h */ = {isa = PBXFileReference; fileEncoding = 4; lastKnownFileType = sourcecode.c.h; path = neptune.h; sourceTree = "<group>"; };
		29FDA2E616701462007FD502 /* Nova-Prefix.pch */ = {isa = PBXFileReference; fileEncoding = 4; lastKnownFileType = sourcecode.c.h; path = "Nova-Prefix.pch"; sourceTree = "<group>"; };
		29FDA2E716701462007FD502 /* Nova.h */ = {isa = PBXFileReference; fileEncoding = 4; lastKnownFileType = sourcecode.c.h; path = Nova.h; sourceTree = "<group>"; };
		29FDA2E816701462007FD502 /* Nova.m */ = {isa = PBXFileReference; fileEncoding = 4; lastKnownFileType = sourcecode.c.objc; path = Nova.m; sourceTree = "<group>"; };
		29FDA2E916701462007FD502 /* nutation.c */ = {isa = PBXFileReference; fileEncoding = 4; lastKnownFileType = sourcecode.c.c; path = nutation.c; sourceTree = "<group>"; };
		29FDA2EA16701462007FD502 /* nutation.h */ = {isa = PBXFileReference; fileEncoding = 4; lastKnownFileType = sourcecode.c.h; path = nutation.h; sourceTree = "<group>"; };
		29FDA2EB16701462007FD502 /* parabolic_motion.c */ = {isa = PBXFileReference; fileEncoding = 4; lastKnownFileType = sourcecode.c.c; path = parabolic_motion.c; sourceTree = "<group>"; };
		29FDA2EC16701462007FD502 /* parabolic_motion.h */ = {isa = PBXFileReference; fileEncoding = 4; lastKnownFileType = sourcecode.c.h; path = parabolic_motion.h; sourceTree = "<group>"; };
		29FDA2ED16701462007FD502 /* parallax.c */ = {isa = PBXFileReference; fileEncoding = 4; lastKnownFileType = sourcecode.c.c; path = parallax.c; sourceTree = "<group>"; };
		29FDA2EE16701462007FD502 /* parallax.h */ = {isa = PBXFileReference; fileEncoding = 4; lastKnownFileType = sourcecode.c.h; path = parallax.h; sourceTree = "<group>"; };
		29FDA2EF16701462007FD502 /* pluto.c */ = {isa = PBXFileReference; fileEncoding = 4; lastKnownFileType = sourcecode.c.c; path = pluto.c; sourceTree = "<group>"; };
		29FDA2F016701462007FD502 /* pluto.h */ = {isa = PBXFileReference; fileEncoding = 4; lastKnownFileType = sourcecode.c.h; path = pluto.h; sourceTree = "<group>"; };
		29FDA2F116701462007FD502 /* precession.c */ = {isa = PBXFileReference; fileEncoding = 4; lastKnownFileType = sourcecode.c.c; path = precession.c; sourceTree = "<group>"; };
		29FDA2F216701462007FD502 /* precession.h */ = {isa = PBXFileReference; fileEncoding = 4; lastKnownFileType = sourcecode.c.h; path = precession.h; sourceTree = "<group>"; };
		29FDA2F316701462007FD502 /* proper_motion.c */ = {isa = PBXFileReference; fileEncoding = 4; lastKnownFileType = sourcecode.c.c; path = proper_motion.c; sourceTree = "<group>"; };
		29FDA2F416701462007FD502 /* proper_motion.h */ = {isa = PBXFileReference; fileEncoding = 4; lastKnownFileType = sourcecode.c.h; path = proper_motion.h; sourceTree = "<group>"; };
		29FDA2F516701462007FD502 /* refraction.c */ = {isa = PBXFileReference; fileEncoding = 4; lastKnownFileType = sourcecode.c.c; path = refraction.c; sourceTree = "<group>"; };
		29FDA2F616701462007FD502 /* refraction.h */ = {isa = PBXFileReference; fileEncoding = 4; lastKnownFileType = sourcecode.c.h; path = refraction.h; sourceTree = "<group>"; };
		29FDA2F716701462007FD502 /* rise_set.c */ = {isa = PBXFileReference; fileEncoding = 4; lastKnownFileType = sourcecode.c.c; path = rise_set.c; sourceTree = "<group>"; };
		29FDA2F816701462007FD502 /* rise_set.h */ = {isa = PBXFileReference; fileEncoding = 4; lastKnownFileType = sourcecode.c.h; path = rise_set.h; sourceTree = "<group>"; };
		29FDA2F916701462007FD502 /* saturn.c */ = {isa = PBXFileReference; fileEncoding = 4; lastKnownFileType = sourcecode.c.c; path = saturn.c; sourceTree = "<group>"; };
		29FDA2FA16701462007FD502 /* saturn.h */ = {isa = PBXFileReference; fileEncoding = 4; lastKnownFileType = sourcecode.c.h; path = saturn.h; sourceTree = "<group>"; };
		29FDA2FB16701462007FD502 /* sidereal_time.c */ = {isa = PBXFileReference; fileEncoding = 4; lastKnownFileType = sourcecode.c.c; path = sidereal_time.c; sourceTree = "<group>"; };
		29FDA2FC16701462007FD502 /* sidereal_time.h */ = {isa = PBXFileReference; fileEncoding = 4; lastKnownFileType = sourcecode.c.h; path = sidereal_time.h; sourceTree = "<group>"; };
		29FDA2FD16701462007FD502 /* solar.c */ = {isa = PBXFileReference; fileEncoding = 4; lastKnownFileType = sourcecode.c.c; path = solar.c; sourceTree = "<group>"; };
		29FDA2FE16701462007FD502 /* solar.h */ = {isa = PBXFileReference; fileEncoding = 4; lastKnownFileType = sourcecode.c.h; path = solar.h; sourceTree = "<group>"; };
		29FDA2FF16701462007FD502 /* transform.c */ = {isa = PBXFileReference; fileEncoding = 4; lastKnownFileType = sourcecode.c.c; path = transform.c; sourceTree = "<group>"; };
		29FDA30016701462007FD502 /* transform.h */ = {isa = PBXFileReference; fileEncoding = 4; lastKnownFileType = sourcecode.c.h; path = transform.h; sourceTree = "<group>"; };
		29FDA30116701462007FD502 /* uranus.c */ = {isa = PBXFileReference; fileEncoding = 4; lastKnownFileType = sourcecode.c.c; path = uranus.c; sourceTree = "<group>"; };
		29FDA30216701462007FD502 /* uranus.h */ = {isa = PBXFileReference; fileEncoding = 4; lastKnownFileType = sourcecode.c.h; path = uranus.h; sourceTree = "<group>"; };
		29FDA30316701462007FD502 /* utility.c */ = {isa = PBXFileReference; fileEncoding = 4; lastKnownFileType = sourcecode.c.c; path = utility.c; sourceTree = "<group>"; };
		29FDA30416701462007FD502 /* utility.h */ = {isa = PBXFileReference; fileEncoding = 4; lastKnownFileType = sourcecode.c.h; path = utility.h; sourceTree = "<group>"; };
		29FDA30516701462007FD502 /* venus.c */ = {isa = PBXFileReference; fileEncoding = 4; lastKnownFileType = sourcecode.c.c; path = venus.c; sourceTree = "<group>"; };
		29FDA30616701462007FD502 /* venus.h */ = {isa = PBXFileReference; fileEncoding = 4; lastKnownFileType = sourcecode.c.h; path = venus.h; sourceTree = "<group>"; };
		29FDA30716701462007FD502 /* vsop87.c */ = {isa = PBXFileReference; fileEncoding = 4; lastKnownFileType = sourcecode.c.c; path = vsop87.c; sourceTree = "<group>"; };
		29FDA30816701462007FD502 /* vsop87.h */ = {isa = PBXFileReference; fileEncoding = 4; lastKnownFileType = sourcecode.c.h; path = vsop87.h; sourceTree = "<group>"; };
		36EA0777167027DA00F328DA /* libNovw.a */ = {isa = PBXFileReference; explicitFileType = archive.ar; includeInIndex = 0; path = libNovw.a; sourceTree = BUILT_PRODUCTS_DIR; };
		36EA0784167027DA00F328DA /* NovwTests.octest */ = {isa = PBXFileReference; explicitFileType = wrapper.cfbundle; includeInIndex = 0; path = NovwTests.octest; sourceTree = BUILT_PRODUCTS_DIR; };
		36EA0785167027DA00F328DA /* SenTestingKit.framework */ = {isa = PBXFileReference; lastKnownFileType = wrapper.framework; name = SenTestingKit.framework; path = Library/Frameworks/SenTestingKit.framework; sourceTree = DEVELOPER_DIR; };
		AC45A18C1664148F005783FD /* USLocationsDatabase.h */ = {isa = PBXFileReference; fileEncoding = 4; lastKnownFileType = sourcecode.c.h; name = USLocationsDatabase.h; path = Soto.Katie_asgt6/USLocationsDatabase.h; sourceTree = "<group>"; };
		AC45A18D1664148F005783FD /* USLocationsDatabase.m */ = {isa = PBXFileReference; fileEncoding = 4; lastKnownFileType = sourcecode.c.objc; name = USLocationsDatabase.m; path = Soto.Katie_asgt6/USLocationsDatabase.m; sourceTree = "<group>"; };
		AC45A1901664174C005783FD /* Location.h */ = {isa = PBXFileReference; fileEncoding = 4; lastKnownFileType = sourcecode.c.h; name = Location.h; path = Soto.Katie_asgt6/Location.h; sourceTree = "<group>"; };
		AC45A1911664174C005783FD /* Location.m */ = {isa = PBXFileReference; fileEncoding = 4; lastKnownFileType = sourcecode.c.objc; name = Location.m; path = Soto.Katie_asgt6/Location.m; sourceTree = "<group>"; };
		AC45A19316641A62005783FD /* libsqlite3.dylib */ = {isa = PBXFileReference; lastKnownFileType = "compiled.mach-o.dylib"; name = libsqlite3.dylib; path = usr/lib/libsqlite3.dylib; sourceTree = SDKROOT; };
		AC45A19516641A6C005783FD /* CoreLocation.framework */ = {isa = PBXFileReference; lastKnownFileType = wrapper.framework; name = CoreLocation.framework; path = System/Library/Frameworks/CoreLocation.framework; sourceTree = SDKROOT; };
		AC45A19716641F11005783FD /* ManualLocatorCITYViewController.h */ = {isa = PBXFileReference; fileEncoding = 4; lastKnownFileType = sourcecode.c.h; path = ManualLocatorCITYViewController.h; sourceTree = "<group>"; };
		AC45A19816641F12005783FD /* ManualLocatorCITYViewController.m */ = {isa = PBXFileReference; fileEncoding = 4; lastKnownFileType = sourcecode.c.objc; path = ManualLocatorCITYViewController.m; sourceTree = "<group>"; };
		CEA8AE2316684E52002253F7 /* cross_30.png */ = {isa = PBXFileReference; lastKnownFileType = image.png; name = cross_30.png; path = Resources/cross_30.png; sourceTree = "<group>"; };
		CEA8AE2716684EDC002253F7 /* rewind_30.png */ = {isa = PBXFileReference; lastKnownFileType = image.png; name = rewind_30.png; path = Resources/rewind_30.png; sourceTree = "<group>"; };
		CEA8AE2816684EDC002253F7 /* ship_30.png */ = {isa = PBXFileReference; lastKnownFileType = image.png; name = ship_30.png; path = Resources/ship_30.png; sourceTree = "<group>"; };
		CEA8AE2916684EDC002253F7 /* star_30.png */ = {isa = PBXFileReference; lastKnownFileType = image.png; name = star_30.png; path = Resources/star_30.png; sourceTree = "<group>"; };
		CEA8AE31166851AD002253F7 /* balance_30.png */ = {isa = PBXFileReference; lastKnownFileType = image.png; name = balance_30.png; path = Resources/balance_30.png; sourceTree = "<group>"; };
		CEA8AE32166851AE002253F7 /* checkmark_30.png */ = {isa = PBXFileReference; lastKnownFileType = image.png; name = checkmark_30.png; path = Resources/checkmark_30.png; sourceTree = "<group>"; };
		CEA8AE3516685349002253F7 /* sunset_icon.png */ = {isa = PBXFileReference; lastKnownFileType = image.png; name = sunset_icon.png; path = Resources/sunset_icon.png; sourceTree = "<group>"; };
		CEB8173C1652FF3F00DBAB71 /* Soto.Katie_asgt6.app */ = {isa = PBXFileReference; explicitFileType = wrapper.application; includeInIndex = 0; path = Soto.Katie_asgt6.app; sourceTree = BUILT_PRODUCTS_DIR; };
		CEB817401652FF3F00DBAB71 /* UIKit.framework */ = {isa = PBXFileReference; lastKnownFileType = wrapper.framework; name = UIKit.framework; path = System/Library/Frameworks/UIKit.framework; sourceTree = SDKROOT; };
		CEB817421652FF3F00DBAB71 /* Foundation.framework */ = {isa = PBXFileReference; lastKnownFileType = wrapper.framework; name = Foundation.framework; path = System/Library/Frameworks/Foundation.framework; sourceTree = SDKROOT; };
		CEB817441652FF3F00DBAB71 /* CoreGraphics.framework */ = {isa = PBXFileReference; lastKnownFileType = wrapper.framework; name = CoreGraphics.framework; path = System/Library/Frameworks/CoreGraphics.framework; sourceTree = SDKROOT; };
		CEB817481652FF3F00DBAB71 /* Soto.Katie_asgt6-Info.plist */ = {isa = PBXFileReference; lastKnownFileType = text.plist.xml; path = "Soto.Katie_asgt6-Info.plist"; sourceTree = "<group>"; };
		CEB8174A1652FF3F00DBAB71 /* en */ = {isa = PBXFileReference; lastKnownFileType = text.plist.strings; name = en; path = en.lproj/InfoPlist.strings; sourceTree = "<group>"; };
		CEB8174C1652FF3F00DBAB71 /* main.m */ = {isa = PBXFileReference; lastKnownFileType = sourcecode.c.objc; path = main.m; sourceTree = "<group>"; };
		CEB8174E1652FF3F00DBAB71 /* Soto.Katie_asgt6-Prefix.pch */ = {isa = PBXFileReference; lastKnownFileType = sourcecode.c.h; path = "Soto.Katie_asgt6-Prefix.pch"; sourceTree = "<group>"; };
		CEB8174F1652FF3F00DBAB71 /* AppDelegate.h */ = {isa = PBXFileReference; lastKnownFileType = sourcecode.c.h; path = AppDelegate.h; sourceTree = "<group>"; };
		CEB817501652FF3F00DBAB71 /* AppDelegate.m */ = {isa = PBXFileReference; lastKnownFileType = sourcecode.c.objc; path = AppDelegate.m; sourceTree = "<group>"; };
		CEB81795165307B700DBAB71 /* us_only.sq3 */ = {isa = PBXFileReference; lastKnownFileType = file; name = us_only.sq3; path = Resources/us_only.sq3; sourceTree = "<group>"; };
		CEB8179D165308D000DBAB71 /* libSunrise.a */ = {isa = PBXFileReference; explicitFileType = archive.ar; includeInIndex = 0; path = libSunrise.a; sourceTree = BUILT_PRODUCTS_DIR; };
		CEB817A1165308D000DBAB71 /* Sunrise-Prefix.pch */ = {isa = PBXFileReference; lastKnownFileType = sourcecode.c.h; path = "Sunrise-Prefix.pch"; sourceTree = "<group>"; };
		CEB817A2165308D000DBAB71 /* Sunrise.h */ = {isa = PBXFileReference; lastKnownFileType = sourcecode.c.h; path = Sunrise.h; sourceTree = "<group>"; };
		CEB817A4165308D000DBAB71 /* Sunrise.m */ = {isa = PBXFileReference; lastKnownFileType = sourcecode.c.objc; path = Sunrise.m; sourceTree = "<group>"; };
		CEB817AA1653090C00DBAB71 /* iOSSunrise.h */ = {isa = PBXFileReference; fileEncoding = 4; lastKnownFileType = sourcecode.c.h; name = iOSSunrise.h; path = Libraries/Sunrise/iOSSunrise.h; sourceTree = SOURCE_ROOT; };
		CEB817AB1653090C00DBAB71 /* iOSSunrise.m */ = {isa = PBXFileReference; fileEncoding = 4; lastKnownFileType = sourcecode.c.objc; name = iOSSunrise.m; path = Libraries/Sunrise/iOSSunrise.m; sourceTree = SOURCE_ROOT; };
		CEBECE5E1656F94B009877FB /* Moon-Phase-Full-icon.png */ = {isa = PBXFileReference; lastKnownFileType = image.png; name = "Moon-Phase-Full-icon.png"; path = "Resources/Moon-Phase-Full-icon.png"; sourceTree = "<group>"; };
		CEBECE5F1656F94B009877FB /* Sunrise-icon.png */ = {isa = PBXFileReference; lastKnownFileType = image.png; name = "Sunrise-icon.png"; path = "Resources/Sunrise-icon.png"; sourceTree = "<group>"; };
		CEBECE621656FAB5009877FB /* MainViewController.h */ = {isa = PBXFileReference; fileEncoding = 4; lastKnownFileType = sourcecode.c.h; path = MainViewController.h; sourceTree = "<group>"; };
		CEBECE631656FAB5009877FB /* MainViewController.m */ = {isa = PBXFileReference; fileEncoding = 4; lastKnownFileType = sourcecode.c.objc; path = MainViewController.m; sourceTree = "<group>"; };
		CEBECE691656FC9A009877FB /* icon_small_settings1.png */ = {isa = PBXFileReference; lastKnownFileType = image.png; name = icon_small_settings1.png; path = Resources/icon_small_settings1.png; sourceTree = "<group>"; };
		CEBECE6D16570152009877FB /* SettingsViewController.h */ = {isa = PBXFileReference; fileEncoding = 4; lastKnownFileType = sourcecode.c.h; path = SettingsViewController.h; sourceTree = "<group>"; };
		CEBECE6E16570152009877FB /* SettingsViewController.m */ = {isa = PBXFileReference; fileEncoding = 4; lastKnownFileType = sourcecode.c.objc; path = SettingsViewController.m; sourceTree = "<group>"; };
		CEBECE701657031D009877FB /* GPSLocatorViewController.h */ = {isa = PBXFileReference; fileEncoding = 4; lastKnownFileType = sourcecode.c.h; path = GPSLocatorViewController.h; sourceTree = "<group>"; };
		CEBECE711657031D009877FB /* GPSLocatorViewController.m */ = {isa = PBXFileReference; fileEncoding = 4; lastKnownFileType = sourcecode.c.objc; path = GPSLocatorViewController.m; sourceTree = "<group>"; };
		CEBECE7316570338009877FB /* ManualLocatorViewController.h */ = {isa = PBXFileReference; fileEncoding = 4; lastKnownFileType = sourcecode.c.h; path = ManualLocatorViewController.h; sourceTree = "<group>"; };
		CEBECE7416570338009877FB /* ManualLocatorViewController.m */ = {isa = PBXFileReference; fileEncoding = 4; lastKnownFileType = sourcecode.c.objc; path = ManualLocatorViewController.m; sourceTree = "<group>"; };
		CEBECE7916570429009877FB /* HouseBlack.png */ = {isa = PBXFileReference; lastKnownFileType = image.png; name = HouseBlack.png; path = Resources/HouseBlack.png; sourceTree = "<group>"; };
/* End PBXFileReference section */

/* Begin PBXFrameworksBuildPhase section */
		29FDA2A616700132007FD502 /* Frameworks */ = {
			isa = PBXFrameworksBuildPhase;
			buildActionMask = 2147483647;
			files = (
				29FDA2AA16700132007FD502 /* Foundation.framework in Frameworks */,
			);
			runOnlyForDeploymentPostprocessing = 0;
		};
		36EA0774167027DA00F328DA /* Frameworks */ = {
			isa = PBXFrameworksBuildPhase;
			buildActionMask = 2147483647;
			files = (
				36EA0778167027DA00F328DA /* Foundation.framework in Frameworks */,
			);
			runOnlyForDeploymentPostprocessing = 0;
		};
		36EA0780167027DA00F328DA /* Frameworks */ = {
			isa = PBXFrameworksBuildPhase;
			buildActionMask = 2147483647;
			files = (
				36EA0786167027DA00F328DA /* SenTestingKit.framework in Frameworks */,
				36EA0787167027DA00F328DA /* UIKit.framework in Frameworks */,
				36EA0788167027DA00F328DA /* Foundation.framework in Frameworks */,
				36EA078B167027DA00F328DA /* libNovw.a in Frameworks */,
			);
			runOnlyForDeploymentPostprocessing = 0;
		};
		CEB817391652FF3E00DBAB71 /* Frameworks */ = {
			isa = PBXFrameworksBuildPhase;
			buildActionMask = 2147483647;
			files = (
				CEB817A9165308E600DBAB71 /* libSunrise.a in Frameworks */,
				29FDA2B5167001B8007FD502 /* libNova.a in Frameworks */,
				CEB817411652FF3F00DBAB71 /* UIKit.framework in Frameworks */,
				CEB817431652FF3F00DBAB71 /* Foundation.framework in Frameworks */,
				CEB817451652FF3F00DBAB71 /* CoreGraphics.framework in Frameworks */,
				AC45A19416641A62005783FD /* libsqlite3.dylib in Frameworks */,
				AC45A19616641A6C005783FD /* CoreLocation.framework in Frameworks */,
			);
			runOnlyForDeploymentPostprocessing = 0;
		};
		CEB8179A165308D000DBAB71 /* Frameworks */ = {
			isa = PBXFrameworksBuildPhase;
			buildActionMask = 2147483647;
			files = (
				CEB8179E165308D000DBAB71 /* Foundation.framework in Frameworks */,
			);
			runOnlyForDeploymentPostprocessing = 0;
		};
/* End PBXFrameworksBuildPhase section */

/* Begin PBXGroup section */
		295A241E166D5C9C008BE356 /* Database Helpers */ = {
			isa = PBXGroup;
			children = (
				AC45A1901664174C005783FD /* Location.h */,
				AC45A1911664174C005783FD /* Location.m */,
				AC45A18C1664148F005783FD /* USLocationsDatabase.h */,
				AC45A18D1664148F005783FD /* USLocationsDatabase.m */,
			);
			name = "Database Helpers";
			sourceTree = "<group>";
		};
		29FDA2AB16700132007FD502 /* Nova */ = {
			isa = PBXGroup;
			children = (
				29FDA2C016701462007FD502 /* aberration.c */,
				29FDA2C116701462007FD502 /* aberration.h */,
				29FDA2C216701462007FD502 /* airmass.c */,
				29FDA2C316701462007FD502 /* airmass.h */,
				29FDA2C416701462007FD502 /* angular_separation.c */,
				29FDA2C516701462007FD502 /* angular_separation.h */,
				29FDA2C616701462007FD502 /* apparent_position.c */,
				29FDA2C716701462007FD502 /* apparent_position.h */,
				29FDA2C816701462007FD502 /* asteroid.c */,
				29FDA2C916701462007FD502 /* asteroid.h */,
				29FDA2CA16701462007FD502 /* comet.c */,
				29FDA2CB16701462007FD502 /* comet.h */,
				29FDA2CC16701462007FD502 /* dynamical_time.c */,
				29FDA2CD16701462007FD502 /* dynamical_time.h */,
				29FDA2CE16701462007FD502 /* earth.c */,
				29FDA2CF16701462007FD502 /* earth.h */,
				29FDA2D016701462007FD502 /* elliptic_motion.c */,
				29FDA2D116701462007FD502 /* elliptic_motion.h */,
				29FDA2D216701462007FD502 /* heliocentric_time.c */,
				29FDA2D316701462007FD502 /* heliocentric_time.h */,
				29FDA2D416701462007FD502 /* hyperbolic_motion.c */,
				29FDA2D516701462007FD502 /* hyperbolic_motion.h */,
				29FDA2D616701462007FD502 /* iOSNova-Prefix.pch */,
				29FDA2D716701462007FD502 /* julian_day.c */,
				29FDA2D816701462007FD502 /* julian_day.h */,
				29FDA2D916701462007FD502 /* jupiter.c */,
				29FDA2DA16701462007FD502 /* jupiter.h */,
				29FDA2DB16701462007FD502 /* libnova.h */,
				29FDA2DC16701462007FD502 /* ln_types.h */,
				29FDA2DD16701462007FD502 /* lunar.c */,
				29FDA2DE16701462007FD502 /* lunar.h */,
				29FDA2DF16701462007FD502 /* mars.c */,
				29FDA2E016701462007FD502 /* mars.h */,
				29FDA2E116701462007FD502 /* mercury.c */,
				29FDA2E216701462007FD502 /* mercury.h */,
				29FDA2E316701462007FD502 /* misc.c */,
				29FDA2E416701462007FD502 /* neptune.c */,
				29FDA2E516701462007FD502 /* neptune.h */,
				29FDA2E616701462007FD502 /* Nova-Prefix.pch */,
				29FDA2E716701462007FD502 /* Nova.h */,
				29FDA2E816701462007FD502 /* Nova.m */,
				29FDA2E916701462007FD502 /* nutation.c */,
				29FDA2EA16701462007FD502 /* nutation.h */,
				29FDA2EB16701462007FD502 /* parabolic_motion.c */,
				29FDA2EC16701462007FD502 /* parabolic_motion.h */,
				29FDA2ED16701462007FD502 /* parallax.c */,
				29FDA2EE16701462007FD502 /* parallax.h */,
				29FDA2EF16701462007FD502 /* pluto.c */,
				29FDA2F016701462007FD502 /* pluto.h */,
				29FDA2F116701462007FD502 /* precession.c */,
				29FDA2F216701462007FD502 /* precession.h */,
				29FDA2F316701462007FD502 /* proper_motion.c */,
				29FDA2F416701462007FD502 /* proper_motion.h */,
				29FDA2F516701462007FD502 /* refraction.c */,
				29FDA2F616701462007FD502 /* refraction.h */,
				29FDA2F716701462007FD502 /* rise_set.c */,
				29FDA2F816701462007FD502 /* rise_set.h */,
				29FDA2F916701462007FD502 /* saturn.c */,
				29FDA2FA16701462007FD502 /* saturn.h */,
				29FDA2FB16701462007FD502 /* sidereal_time.c */,
				29FDA2FC16701462007FD502 /* sidereal_time.h */,
				29FDA2FD16701462007FD502 /* solar.c */,
				29FDA2FE16701462007FD502 /* solar.h */,
				29FDA2FF16701462007FD502 /* transform.c */,
				29FDA30016701462007FD502 /* transform.h */,
				29FDA30116701462007FD502 /* uranus.c */,
				29FDA30216701462007FD502 /* uranus.h */,
				29FDA30316701462007FD502 /* utility.c */,
				29FDA30416701462007FD502 /* utility.h */,
				29FDA30516701462007FD502 /* venus.c */,
				29FDA30616701462007FD502 /* venus.h */,
				29FDA30716701462007FD502 /* vsop87.c */,
				29FDA30816701462007FD502 /* vsop87.h */,
				29FDA2AE16700132007FD502 /* Nova.h */,
				29FDA2AF16700132007FD502 /* Nova.m */,
				29FDA2AC16700132007FD502 /* Supporting Files */,
			);
			name = Nova;
			path = ../Nova;
			sourceTree = "<group>";
		};
		29FDA2AC16700132007FD502 /* Supporting Files */ = {
			isa = PBXGroup;
			children = (
				29FDA2AD16700132007FD502 /* Nova-Prefix.pch */,
			);
			name = "Supporting Files";
			sourceTree = "<group>";
		};
		CEB817311652FF3E00DBAB71 = {
			isa = PBXGroup;
			children = (
				CEB817461652FF3F00DBAB71 /* Soto.Katie_asgt6 */,
				295A241E166D5C9C008BE356 /* Database Helpers */,
				CEB817601653002F00DBAB71 /* Libraries */,
				CEB817611653005C00DBAB71 /* Resources */,
				CEB8173F1652FF3F00DBAB71 /* Frameworks */,
				CEB8173D1652FF3F00DBAB71 /* Products */,
			);
			sourceTree = "<group>";
		};
		CEB8173D1652FF3F00DBAB71 /* Products */ = {
			isa = PBXGroup;
			children = (
				CEB8173C1652FF3F00DBAB71 /* Soto.Katie_asgt6.app */,
				CEB8179D165308D000DBAB71 /* libSunrise.a */,
				29FDA2A916700132007FD502 /* libNova.a */,
				36EA0777167027DA00F328DA /* libNovw.a */,
				36EA0784167027DA00F328DA /* NovwTests.octest */,
			);
			name = Products;
			sourceTree = "<group>";
		};
		CEB8173F1652FF3F00DBAB71 /* Frameworks */ = {
			isa = PBXGroup;
			children = (
				CEB817401652FF3F00DBAB71 /* UIKit.framework */,
				CEB817421652FF3F00DBAB71 /* Foundation.framework */,
				AC45A19516641A6C005783FD /* CoreLocation.framework */,
				CEB817441652FF3F00DBAB71 /* CoreGraphics.framework */,
				AC45A19316641A62005783FD /* libsqlite3.dylib */,
				36EA0785167027DA00F328DA /* SenTestingKit.framework */,
			);
			name = Frameworks;
			sourceTree = "<group>";
		};
		CEB817461652FF3F00DBAB71 /* Soto.Katie_asgt6 */ = {
			isa = PBXGroup;
			children = (
				CEB8174F1652FF3F00DBAB71 /* AppDelegate.h */,
				CEB817501652FF3F00DBAB71 /* AppDelegate.m */,
				29FDA297166FF498007FD502 /* MainStoryboard_iPhone.storyboard */,
				CEBECE621656FAB5009877FB /* MainViewController.h */,
				CEBECE631656FAB5009877FB /* MainViewController.m */,
				CEBECE6D16570152009877FB /* SettingsViewController.h */,
				CEBECE6E16570152009877FB /* SettingsViewController.m */,
				CEBECE701657031D009877FB /* GPSLocatorViewController.h */,
				CEBECE711657031D009877FB /* GPSLocatorViewController.m */,
				CEBECE7316570338009877FB /* ManualLocatorViewController.h */,
				CEBECE7416570338009877FB /* ManualLocatorViewController.m */,
				AC45A19716641F11005783FD /* ManualLocatorCITYViewController.h */,
				AC45A19816641F12005783FD /* ManualLocatorCITYViewController.m */,
				CEB817471652FF3F00DBAB71 /* Supporting Files */,
			);
			path = Soto.Katie_asgt6;
			sourceTree = "<group>";
		};
		CEB817471652FF3F00DBAB71 /* Supporting Files */ = {
			isa = PBXGroup;
			children = (
				CEB817481652FF3F00DBAB71 /* Soto.Katie_asgt6-Info.plist */,
				CEB817491652FF3F00DBAB71 /* InfoPlist.strings */,
				CEB8174C1652FF3F00DBAB71 /* main.m */,
				CEB8174E1652FF3F00DBAB71 /* Soto.Katie_asgt6-Prefix.pch */,
			);
			name = "Supporting Files";
			sourceTree = "<group>";
		};
		CEB817601653002F00DBAB71 /* Libraries */ = {
			isa = PBXGroup;
			children = (
				29FDA2AB16700132007FD502 /* Nova */,
				CEB8176D165302A300DBAB71 /* Sunrise */,
			);
			name = Libraries;
			path = Soto.Katie_asgt6;
			sourceTree = "<group>";
		};
		CEB817611653005C00DBAB71 /* Resources */ = {
			isa = PBXGroup;
			children = (
				CEA8AE3516685349002253F7 /* sunset_icon.png */,
				CEA8AE31166851AD002253F7 /* balance_30.png */,
				CEA8AE32166851AE002253F7 /* checkmark_30.png */,
				CEA8AE2716684EDC002253F7 /* rewind_30.png */,
				CEA8AE2816684EDC002253F7 /* ship_30.png */,
				CEA8AE2916684EDC002253F7 /* star_30.png */,
				CEA8AE2316684E52002253F7 /* cross_30.png */,
				CEBECE5E1656F94B009877FB /* Moon-Phase-Full-icon.png */,
				CEBECE7916570429009877FB /* HouseBlack.png */,
				CEBECE691656FC9A009877FB /* icon_small_settings1.png */,
				CEBECE5F1656F94B009877FB /* Sunrise-icon.png */,
				CEB81795165307B700DBAB71 /* us_only.sq3 */,
			);
			name = Resources;
			sourceTree = "<group>";
		};
		CEB8176D165302A300DBAB71 /* Sunrise */ = {
			isa = PBXGroup;
			children = (
				CEB817AA1653090C00DBAB71 /* iOSSunrise.h */,
				CEB817AB1653090C00DBAB71 /* iOSSunrise.m */,
				CEB8179F165308D000DBAB71 /* Sunrise */,
			);
			name = Sunrise;
			sourceTree = "<group>";
		};
		CEB8179F165308D000DBAB71 /* Sunrise */ = {
			isa = PBXGroup;
			children = (
				CEB817A2165308D000DBAB71 /* Sunrise.h */,
				CEB817A4165308D000DBAB71 /* Sunrise.m */,
				CEB817A0165308D000DBAB71 /* Supporting Files */,
			);
			name = Sunrise;
			path = ../Sunrise;
			sourceTree = "<group>";
		};
		CEB817A0165308D000DBAB71 /* Supporting Files */ = {
			isa = PBXGroup;
			children = (
				CEB817A1165308D000DBAB71 /* Sunrise-Prefix.pch */,
			);
			name = "Supporting Files";
			sourceTree = "<group>";
		};
/* End PBXGroup section */

/* Begin PBXHeadersBuildPhase section */
		29FDA2A716700132007FD502 /* Headers */ = {
			isa = PBXHeadersBuildPhase;
			buildActionMask = 2147483647;
			files = (
				29FDA30A16701462007FD502 /* aberration.h in Headers */,
				29FDA30C16701462007FD502 /* airmass.h in Headers */,
				29FDA30E16701462007FD502 /* angular_separation.h in Headers */,
				29FDA31016701462007FD502 /* apparent_position.h in Headers */,
				29FDA31216701462007FD502 /* asteroid.h in Headers */,
				29FDA31416701462007FD502 /* comet.h in Headers */,
				29FDA31616701462007FD502 /* dynamical_time.h in Headers */,
				29FDA31816701462007FD502 /* earth.h in Headers */,
				29FDA31A16701462007FD502 /* elliptic_motion.h in Headers */,
				29FDA31C16701462007FD502 /* heliocentric_time.h in Headers */,
				29FDA31E16701462007FD502 /* hyperbolic_motion.h in Headers */,
				29FDA31F16701462007FD502 /* iOSNova-Prefix.pch in Headers */,
				29FDA32116701462007FD502 /* julian_day.h in Headers */,
				29FDA32316701462007FD502 /* jupiter.h in Headers */,
				29FDA32416701462007FD502 /* libnova.h in Headers */,
				29FDA32516701462007FD502 /* ln_types.h in Headers */,
				29FDA32716701462007FD502 /* lunar.h in Headers */,
				29FDA32916701462007FD502 /* mars.h in Headers */,
				29FDA32B16701462007FD502 /* mercury.h in Headers */,
				29FDA32E16701462007FD502 /* neptune.h in Headers */,
				29FDA32F16701462007FD502 /* Nova-Prefix.pch in Headers */,
				29FDA33016701462007FD502 /* Nova.h in Headers */,
				29FDA33316701462007FD502 /* nutation.h in Headers */,
				29FDA33516701462007FD502 /* parabolic_motion.h in Headers */,
				29FDA33716701462007FD502 /* parallax.h in Headers */,
				29FDA33916701462007FD502 /* pluto.h in Headers */,
				29FDA33B16701462007FD502 /* precession.h in Headers */,
				29FDA33D16701462007FD502 /* proper_motion.h in Headers */,
				29FDA33F16701462007FD502 /* refraction.h in Headers */,
				29FDA34116701462007FD502 /* rise_set.h in Headers */,
				29FDA34316701462007FD502 /* saturn.h in Headers */,
				29FDA34516701462007FD502 /* sidereal_time.h in Headers */,
				29FDA34716701462007FD502 /* solar.h in Headers */,
				29FDA34916701462007FD502 /* transform.h in Headers */,
				29FDA34B16701462007FD502 /* uranus.h in Headers */,
				29FDA34D16701462007FD502 /* utility.h in Headers */,
				29FDA34F16701462007FD502 /* venus.h in Headers */,
				29FDA35116701462007FD502 /* vsop87.h in Headers */,
			);
			runOnlyForDeploymentPostprocessing = 0;
		};
		36EA0775167027DA00F328DA /* Headers */ = {
			isa = PBXHeadersBuildPhase;
			buildActionMask = 2147483647;
			files = (
			);
			runOnlyForDeploymentPostprocessing = 0;
		};
/* End PBXHeadersBuildPhase section */

/* Begin PBXNativeTarget section */
		29FDA2A816700132007FD502 /* Nova */ = {
			isa = PBXNativeTarget;
			buildConfigurationList = 29FDA2B116700132007FD502 /* Build configuration list for PBXNativeTarget "Nova" */;
			buildPhases = (
				29FDA2A516700132007FD502 /* Sources */,
				29FDA2A616700132007FD502 /* Frameworks */,
				29FDA2A716700132007FD502 /* Headers */,
			);
			buildRules = (
			);
			dependencies = (
			);
			name = Nova;
			productName = Nova;
			productReference = 29FDA2A916700132007FD502 /* libNova.a */;
			productType = "com.apple.product-type.library.static";
		};
		36EA0776167027DA00F328DA /* Novw */ = {
			isa = PBXNativeTarget;
			buildConfigurationList = 36EA0799167027DA00F328DA /* Build configuration list for PBXNativeTarget "Novw" */;
			buildPhases = (
				36EA0773167027DA00F328DA /* Sources */,
				36EA0774167027DA00F328DA /* Frameworks */,
				36EA0775167027DA00F328DA /* Headers */,
			);
			buildRules = (
			);
			dependencies = (
			);
			name = Novw;
			productName = Novw;
			productReference = 36EA0777167027DA00F328DA /* libNovw.a */;
			productType = "com.apple.product-type.library.static";
		};
		36EA0783167027DA00F328DA /* NovwTests */ = {
			isa = PBXNativeTarget;
			buildConfigurationList = 36EA079A167027DA00F328DA /* Build configuration list for PBXNativeTarget "NovwTests" */;
			buildPhases = (
				36EA077F167027DA00F328DA /* Sources */,
				36EA0780167027DA00F328DA /* Frameworks */,
				36EA0781167027DA00F328DA /* Resources */,
				36EA0782167027DA00F328DA /* ShellScript */,
			);
			buildRules = (
			);
			dependencies = (
				36EA078A167027DA00F328DA /* PBXTargetDependency */,
			);
			name = NovwTests;
			productName = NovwTests;
			productReference = 36EA0784167027DA00F328DA /* NovwTests.octest */;
			productType = "com.apple.product-type.bundle";
		};
		CEB8173B1652FF3E00DBAB71 /* Soto.Katie_asgt6 */ = {
			isa = PBXNativeTarget;
			buildConfigurationList = CEB8175D1652FF3F00DBAB71 /* Build configuration list for PBXNativeTarget "Soto.Katie_asgt6" */;
			buildPhases = (
				CEB817381652FF3E00DBAB71 /* Sources */,
				CEB817391652FF3E00DBAB71 /* Frameworks */,
				CEB8173A1652FF3E00DBAB71 /* Resources */,
			);
			buildRules = (
			);
			dependencies = (
			);
			name = Soto.Katie_asgt6;
			productName = Soto.Katie_asgt6;
			productReference = CEB8173C1652FF3F00DBAB71 /* Soto.Katie_asgt6.app */;
			productType = "com.apple.product-type.application";
		};
		CEB8179C165308D000DBAB71 /* Sunrise */ = {
			isa = PBXNativeTarget;
			buildConfigurationList = CEB817A6165308D000DBAB71 /* Build configuration list for PBXNativeTarget "Sunrise" */;
			buildPhases = (
				CEB81799165308D000DBAB71 /* Sources */,
				CEB8179A165308D000DBAB71 /* Frameworks */,
				CEB8179B165308D000DBAB71 /* CopyFiles */,
			);
			buildRules = (
			);
			dependencies = (
			);
			name = Sunrise;
			productName = Sunrise;
			productReference = CEB8179D165308D000DBAB71 /* libSunrise.a */;
			productType = "com.apple.product-type.library.static";
		};
/* End PBXNativeTarget section */

/* Begin PBXProject section */
		CEB817331652FF3E00DBAB71 /* Project object */ = {
			isa = PBXProject;
			attributes = {
				LastUpgradeCheck = 0440;
				ORGANIZATIONNAME = "Katie Soto";
			};
			buildConfigurationList = CEB817361652FF3E00DBAB71 /* Build configuration list for PBXProject "Soto.Katie_asgt6" */;
			compatibilityVersion = "Xcode 3.2";
			developmentRegion = English;
			hasScannedForEncodings = 0;
			knownRegions = (
				en,
			);
			mainGroup = CEB817311652FF3E00DBAB71;
			productRefGroup = CEB8173D1652FF3F00DBAB71 /* Products */;
			projectDirPath = "";
			projectRoot = "";
			targets = (
				CEB8173B1652FF3E00DBAB71 /* Soto.Katie_asgt6 */,
				CEB8179C165308D000DBAB71 /* Sunrise */,
				29FDA2A816700132007FD502 /* Nova */,
				36EA0776167027DA00F328DA /* Novw */,
				36EA0783167027DA00F328DA /* NovwTests */,
			);
		};
/* End PBXProject section */

/* Begin PBXResourcesBuildPhase section */
		36EA0781167027DA00F328DA /* Resources */ = {
			isa = PBXResourcesBuildPhase;
			buildActionMask = 2147483647;
			files = (
			);
			runOnlyForDeploymentPostprocessing = 0;
		};
		CEB8173A1652FF3E00DBAB71 /* Resources */ = {
			isa = PBXResourcesBuildPhase;
			buildActionMask = 2147483647;
			files = (
				CEB8174B1652FF3F00DBAB71 /* InfoPlist.strings in Resources */,
				CEB81797165307B700DBAB71 /* us_only.sq3 in Resources */,
				CEBECE601656F94B009877FB /* Moon-Phase-Full-icon.png in Resources */,
				CEBECE611656F94B009877FB /* Sunrise-icon.png in Resources */,
				CEBECE6A1656FC9A009877FB /* icon_small_settings1.png in Resources */,
				CEBECE7B16570429009877FB /* HouseBlack.png in Resources */,
				CEA8AE2416684E52002253F7 /* cross_30.png in Resources */,
				CEA8AE2A16684EDC002253F7 /* rewind_30.png in Resources */,
				CEA8AE2B16684EDC002253F7 /* ship_30.png in Resources */,
				CEA8AE2C16684EDC002253F7 /* star_30.png in Resources */,
				CEA8AE33166851AE002253F7 /* balance_30.png in Resources */,
				CEA8AE34166851AE002253F7 /* checkmark_30.png in Resources */,
				CEA8AE3616685349002253F7 /* sunset_icon.png in Resources */,
				29FDA299166FF498007FD502 /* MainStoryboard_iPhone.storyboard in Resources */,
			);
			runOnlyForDeploymentPostprocessing = 0;
		};
/* End PBXResourcesBuildPhase section */

/* Begin PBXShellScriptBuildPhase section */
		36EA0782167027DA00F328DA /* ShellScript */ = {
			isa = PBXShellScriptBuildPhase;
			buildActionMask = 2147483647;
			files = (
			);
			inputPaths = (
			);
			outputPaths = (
			);
			runOnlyForDeploymentPostprocessing = 0;
			shellPath = /bin/sh;
			shellScript = "# Run the unit tests in this test bundle.\n\"${SYSTEM_DEVELOPER_DIR}/Tools/RunUnitTests\"\n";
		};
/* End PBXShellScriptBuildPhase section */

/* Begin PBXSourcesBuildPhase section */
		29FDA2A516700132007FD502 /* Sources */ = {
			isa = PBXSourcesBuildPhase;
			buildActionMask = 2147483647;
			files = (
				29FDA2B016700132007FD502 /* Nova.m in Sources */,
				29FDA30916701462007FD502 /* aberration.c in Sources */,
				29FDA30B16701462007FD502 /* airmass.c in Sources */,
				29FDA30D16701462007FD502 /* angular_separation.c in Sources */,
				29FDA30F16701462007FD502 /* apparent_position.c in Sources */,
				29FDA31116701462007FD502 /* asteroid.c in Sources */,
				29FDA31316701462007FD502 /* comet.c in Sources */,
				29FDA31516701462007FD502 /* dynamical_time.c in Sources */,
				29FDA31716701462007FD502 /* earth.c in Sources */,
				29FDA31916701462007FD502 /* elliptic_motion.c in Sources */,
				29FDA31B16701462007FD502 /* heliocentric_time.c in Sources */,
				29FDA31D16701462007FD502 /* hyperbolic_motion.c in Sources */,
				29FDA32016701462007FD502 /* julian_day.c in Sources */,
				29FDA32216701462007FD502 /* jupiter.c in Sources */,
				29FDA32616701462007FD502 /* lunar.c in Sources */,
				29FDA32816701462007FD502 /* mars.c in Sources */,
				29FDA32A16701462007FD502 /* mercury.c in Sources */,
				29FDA32C16701462007FD502 /* misc.c in Sources */,
				29FDA32D16701462007FD502 /* neptune.c in Sources */,
				29FDA33116701462007FD502 /* Nova.m in Sources */,
				29FDA33216701462007FD502 /* nutation.c in Sources */,
				29FDA33416701462007FD502 /* parabolic_motion.c in Sources */,
				29FDA33616701462007FD502 /* parallax.c in Sources */,
				29FDA33816701462007FD502 /* pluto.c in Sources */,
				29FDA33A16701462007FD502 /* precession.c in Sources */,
				29FDA33C16701462007FD502 /* proper_motion.c in Sources */,
				29FDA33E16701462007FD502 /* refraction.c in Sources */,
				29FDA34016701462007FD502 /* rise_set.c in Sources */,
				29FDA34216701462007FD502 /* saturn.c in Sources */,
				29FDA34416701462007FD502 /* sidereal_time.c in Sources */,
				29FDA34616701462007FD502 /* solar.c in Sources */,
				29FDA34816701462007FD502 /* transform.c in Sources */,
				29FDA34A16701462007FD502 /* uranus.c in Sources */,
				29FDA34C16701462007FD502 /* utility.c in Sources */,
				29FDA34E16701462007FD502 /* venus.c in Sources */,
				29FDA35016701462007FD502 /* vsop87.c in Sources */,
			);
			runOnlyForDeploymentPostprocessing = 0;
		};
		36EA0773167027DA00F328DA /* Sources */ = {
			isa = PBXSourcesBuildPhase;
			buildActionMask = 2147483647;
			files = (
			);
			runOnlyForDeploymentPostprocessing = 0;
		};
		36EA077F167027DA00F328DA /* Sources */ = {
			isa = PBXSourcesBuildPhase;
			buildActionMask = 2147483647;
			files = (
			);
			runOnlyForDeploymentPostprocessing = 0;
		};
		CEB817381652FF3E00DBAB71 /* Sources */ = {
			isa = PBXSourcesBuildPhase;
			buildActionMask = 2147483647;
			files = (
				CEB8174D1652FF3F00DBAB71 /* main.m in Sources */,
				CEB817511652FF3F00DBAB71 /* AppDelegate.m in Sources */,
				CEBECE641656FAB5009877FB /* MainViewController.m in Sources */,
				CEBECE6F16570152009877FB /* SettingsViewController.m in Sources */,
				CEBECE721657031D009877FB /* GPSLocatorViewController.m in Sources */,
				CEBECE7516570338009877FB /* ManualLocatorViewController.m in Sources */,
				AC45A18E1664148F005783FD /* USLocationsDatabase.m in Sources */,
				AC45A1921664174C005783FD /* Location.m in Sources */,
				AC45A19916641F12005783FD /* ManualLocatorCITYViewController.m in Sources */,
			);
			runOnlyForDeploymentPostprocessing = 0;
		};
		CEB81799165308D000DBAB71 /* Sources */ = {
			isa = PBXSourcesBuildPhase;
			buildActionMask = 2147483647;
			files = (
				CEB817A5165308D000DBAB71 /* Sunrise.m in Sources */,
				CEB817AC1653090C00DBAB71 /* iOSSunrise.m in Sources */,
			);
			runOnlyForDeploymentPostprocessing = 0;
		};
/* End PBXSourcesBuildPhase section */

/* Begin PBXTargetDependency section */
		36EA078A167027DA00F328DA /* PBXTargetDependency */ = {
			isa = PBXTargetDependency;
			target = 36EA0776167027DA00F328DA /* Novw */;
			targetProxy = 36EA0789167027DA00F328DA /* PBXContainerItemProxy */;
		};
/* End PBXTargetDependency section */

/* Begin PBXVariantGroup section */
		29FDA297166FF498007FD502 /* MainStoryboard_iPhone.storyboard */ = {
			isa = PBXVariantGroup;
			children = (
				29FDA298166FF498007FD502 /* en */,
			);
			name = MainStoryboard_iPhone.storyboard;
			sourceTree = "<group>";
		};
		CEB817491652FF3F00DBAB71 /* InfoPlist.strings */ = {
			isa = PBXVariantGroup;
			children = (
				CEB8174A1652FF3F00DBAB71 /* en */,
			);
			name = InfoPlist.strings;
			sourceTree = "<group>";
		};
/* End PBXVariantGroup section */

/* Begin XCBuildConfiguration section */
		29FDA2B216700132007FD502 /* Debug */ = {
			isa = XCBuildConfiguration;
			buildSettings = {
				DSTROOT = /tmp/Nova.dst;
				GCC_PRECOMPILE_PREFIX_HEADER = YES;
				GCC_PREFIX_HEADER = "Nova/Nova-Prefix.pch";
				OTHER_LDFLAGS = "-ObjC";
				PRODUCT_NAME = "$(TARGET_NAME)";
				SKIP_INSTALL = YES;
			};
			name = Debug;
		};
		29FDA2B316700132007FD502 /* Release */ = {
			isa = XCBuildConfiguration;
			buildSettings = {
				DSTROOT = /tmp/Nova.dst;
				GCC_PRECOMPILE_PREFIX_HEADER = YES;
				GCC_PREFIX_HEADER = "Nova/Nova-Prefix.pch";
				OTHER_LDFLAGS = "-ObjC";
				PRODUCT_NAME = "$(TARGET_NAME)";
				SKIP_INSTALL = YES;
			};
			name = Release;
		};
		36EA0795167027DA00F328DA /* Debug */ = {
			isa = XCBuildConfiguration;
			buildSettings = {
				DSTROOT = /tmp/Novw.dst;
				GCC_PRECOMPILE_PREFIX_HEADER = YES;
				GCC_PREFIX_HEADER = "Novw/Novw-Prefix.pch";
				OTHER_LDFLAGS = "-ObjC";
				PRODUCT_NAME = "$(TARGET_NAME)";
				SKIP_INSTALL = YES;
			};
			name = Debug;
		};
		36EA0796167027DA00F328DA /* Release */ = {
			isa = XCBuildConfiguration;
			buildSettings = {
				DSTROOT = /tmp/Novw.dst;
				GCC_PRECOMPILE_PREFIX_HEADER = YES;
				GCC_PREFIX_HEADER = "Novw/Novw-Prefix.pch";
				OTHER_LDFLAGS = "-ObjC";
				PRODUCT_NAME = "$(TARGET_NAME)";
				SKIP_INSTALL = YES;
			};
			name = Release;
		};
		36EA0797167027DA00F328DA /* Debug */ = {
			isa = XCBuildConfiguration;
			buildSettings = {
				FRAMEWORK_SEARCH_PATHS = (
					"$(SDKROOT)/Developer/Library/Frameworks",
					"$(DEVELOPER_LIBRARY_DIR)/Frameworks",
				);
				GCC_PRECOMPILE_PREFIX_HEADER = YES;
				GCC_PREFIX_HEADER = "Novw/Novw-Prefix.pch";
				INFOPLIST_FILE = "NovwTests/NovwTests-Info.plist";
				PRODUCT_NAME = "$(TARGET_NAME)";
				WRAPPER_EXTENSION = octest;
			};
			name = Debug;
		};
		36EA0798167027DA00F328DA /* Release */ = {
			isa = XCBuildConfiguration;
			buildSettings = {
				FRAMEWORK_SEARCH_PATHS = (
					"$(SDKROOT)/Developer/Library/Frameworks",
					"$(DEVELOPER_LIBRARY_DIR)/Frameworks",
				);
				GCC_PRECOMPILE_PREFIX_HEADER = YES;
				GCC_PREFIX_HEADER = "Novw/Novw-Prefix.pch";
				INFOPLIST_FILE = "NovwTests/NovwTests-Info.plist";
				PRODUCT_NAME = "$(TARGET_NAME)";
				WRAPPER_EXTENSION = octest;
			};
			name = Release;
		};
		CEB8175B1652FF3F00DBAB71 /* Debug */ = {
			isa = XCBuildConfiguration;
			buildSettings = {
				ALWAYS_SEARCH_USER_PATHS = NO;
				ARCHS = "$(ARCHS_STANDARD_32_BIT)";
				CLANG_CXX_LANGUAGE_STANDARD = "gnu++0x";
				CLANG_ENABLE_OBJC_ARC = YES;
				CLANG_WARN__DUPLICATE_METHOD_MATCH = YES;
				"CODE_SIGN_IDENTITY[sdk=iphoneos*]" = "iPhone Developer";
				COPY_PHASE_STRIP = NO;
				GCC_C_LANGUAGE_STANDARD = gnu99;
				GCC_DYNAMIC_NO_PIC = NO;
				GCC_OPTIMIZATION_LEVEL = 0;
				GCC_PREPROCESSOR_DEFINITIONS = (
					"DEBUG=1",
					"$(inherited)",
				);
				GCC_SYMBOLS_PRIVATE_EXTERN = NO;
				GCC_VERSION = com.apple.compilers.llvm.clang.1_0;
				GCC_WARN_ABOUT_RETURN_TYPE = YES;
				GCC_WARN_UNINITIALIZED_AUTOS = YES;
				GCC_WARN_UNUSED_VARIABLE = YES;
				IPHONEOS_DEPLOYMENT_TARGET = 5.1;
				SDKROOT = iphoneos;
				TARGETED_DEVICE_FAMILY = 1;
			};
			name = Debug;
		};
		CEB8175C1652FF3F00DBAB71 /* Release */ = {
			isa = XCBuildConfiguration;
			buildSettings = {
				ALWAYS_SEARCH_USER_PATHS = NO;
				ARCHS = "$(ARCHS_STANDARD_32_BIT)";
				CLANG_CXX_LANGUAGE_STANDARD = "gnu++0x";
				CLANG_ENABLE_OBJC_ARC = YES;
				CLANG_WARN__DUPLICATE_METHOD_MATCH = YES;
				"CODE_SIGN_IDENTITY[sdk=iphoneos*]" = "iPhone Developer";
				COPY_PHASE_STRIP = YES;
				GCC_C_LANGUAGE_STANDARD = gnu99;
				GCC_VERSION = com.apple.compilers.llvm.clang.1_0;
				GCC_WARN_ABOUT_RETURN_TYPE = YES;
				GCC_WARN_UNINITIALIZED_AUTOS = YES;
				GCC_WARN_UNUSED_VARIABLE = YES;
				IPHONEOS_DEPLOYMENT_TARGET = 5.1;
				OTHER_CFLAGS = "-DNS_BLOCK_ASSERTIONS=1";
				SDKROOT = iphoneos;
				TARGETED_DEVICE_FAMILY = 1;
				VALIDATE_PRODUCT = YES;
			};
			name = Release;
		};
		CEB8175E1652FF3F00DBAB71 /* Debug */ = {
			isa = XCBuildConfiguration;
			buildSettings = {
				GCC_PRECOMPILE_PREFIX_HEADER = YES;
				GCC_PREFIX_HEADER = "Soto.Katie_asgt6/Soto.Katie_asgt6-Prefix.pch";
				INFOPLIST_FILE = "Soto.Katie_asgt6/Soto.Katie_asgt6-Info.plist";
				PRODUCT_NAME = "$(TARGET_NAME)";
				TARGETED_DEVICE_FAMILY = 1;
				WRAPPER_EXTENSION = app;
			};
			name = Debug;
		};
		CEB8175F1652FF3F00DBAB71 /* Release */ = {
			isa = XCBuildConfiguration;
			buildSettings = {
				GCC_PRECOMPILE_PREFIX_HEADER = YES;
				GCC_PREFIX_HEADER = "Soto.Katie_asgt6/Soto.Katie_asgt6-Prefix.pch";
				INFOPLIST_FILE = "Soto.Katie_asgt6/Soto.Katie_asgt6-Info.plist";
				PRODUCT_NAME = "$(TARGET_NAME)";
				TARGETED_DEVICE_FAMILY = 1;
				WRAPPER_EXTENSION = app;
			};
			name = Release;
		};
		CEB817A7165308D000DBAB71 /* Debug */ = {
			isa = XCBuildConfiguration;
			buildSettings = {
				DSTROOT = /tmp/Sunrise.dst;
				GCC_PRECOMPILE_PREFIX_HEADER = YES;
				GCC_PREFIX_HEADER = "Sunrise/Sunrise-Prefix.pch";
				OTHER_LDFLAGS = "-ObjC";
				PRODUCT_NAME = "$(TARGET_NAME)";
				SKIP_INSTALL = YES;
			};
			name = Debug;
		};
		CEB817A8165308D000DBAB71 /* Release */ = {
			isa = XCBuildConfiguration;
			buildSettings = {
				DSTROOT = /tmp/Sunrise.dst;
				GCC_PRECOMPILE_PREFIX_HEADER = YES;
				GCC_PREFIX_HEADER = "Sunrise/Sunrise-Prefix.pch";
				OTHER_LDFLAGS = "-ObjC";
				PRODUCT_NAME = "$(TARGET_NAME)";
				SKIP_INSTALL = YES;
			};
			name = Release;
		};
/* End XCBuildConfiguration section */

/* Begin XCConfigurationList section */
		29FDA2B116700132007FD502 /* Build configuration list for PBXNativeTarget "Nova" */ = {
			isa = XCConfigurationList;
			buildConfigurations = (
				29FDA2B216700132007FD502 /* Debug */,
				29FDA2B316700132007FD502 /* Release */,
			);
			defaultConfigurationIsVisible = 0;
			defaultConfigurationName = Release;
		};
		36EA0799167027DA00F328DA /* Build configuration list for PBXNativeTarget "Novw" */ = {
			isa = XCConfigurationList;
			buildConfigurations = (
				36EA0795167027DA00F328DA /* Debug */,
				36EA0796167027DA00F328DA /* Release */,
			);
			defaultConfigurationIsVisible = 0;
			defaultConfigurationName = Release;
		};
		36EA079A167027DA00F328DA /* Build configuration list for PBXNativeTarget "NovwTests" */ = {
			isa = XCConfigurationList;
			buildConfigurations = (
				36EA0797167027DA00F328DA /* Debug */,
				36EA0798167027DA00F328DA /* Release */,
			);
			defaultConfigurationIsVisible = 0;
			defaultConfigurationName = Release;
		};
		CEB817361652FF3E00DBAB71 /* Build configuration list for PBXProject "Soto.Katie_asgt6" */ = {
			isa = XCConfigurationList;
			buildConfigurations = (
				CEB8175B1652FF3F00DBAB71 /* Debug */,
				CEB8175C1652FF3F00DBAB71 /* Release */,
			);
			defaultConfigurationIsVisible = 0;
			defaultConfigurationName = Release;
		};
		CEB8175D1652FF3F00DBAB71 /* Build configuration list for PBXNativeTarget "Soto.Katie_asgt6" */ = {
			isa = XCConfigurationList;
			buildConfigurations = (
				CEB8175E1652FF3F00DBAB71 /* Debug */,
				CEB8175F1652FF3F00DBAB71 /* Release */,
			);
			defaultConfigurationIsVisible = 0;
			defaultConfigurationName = Release;
		};
		CEB817A6165308D000DBAB71 /* Build configuration list for PBXNativeTarget "Sunrise" */ = {
			isa = XCConfigurationList;
			buildConfigurations = (
				CEB817A7165308D000DBAB71 /* Debug */,
				CEB817A8165308D000DBAB71 /* Release */,
			);
			defaultConfigurationIsVisible = 0;
			defaultConfigurationName = Release;
		};
/* End XCConfigurationList section */
	};
	rootObject = CEB817331652FF3E00DBAB71 /* Project object */;
}
